
Microsoft Visual Studio Solution File, Format Version 12.00
# Visual Studio Version 16
VisualStudioVersion = 16.0.29418.71
MinimumVisualStudioVersion = 10.0.40219.1
Project("{FAE04EC0-301F-11D3-BF4B-00C04F79EFBC}") = "WF_Adressverwaltung", "WF_Adressverwaltung.csproj", "{8CB7020E-7DF7-4CF1-AAB7-CBEE42AEB75C}"
EndProject
Global
	GlobalSection(SolutionConfigurationPlatforms) = preSolution
		Debug|Any CPU = Debug|Any CPU
		Release|Any CPU = Release|Any CPU
	EndGlobalSection
	GlobalSection(ProjectConfigurationPlatforms) = postSolution
		{8CB7020E-7DF7-4CF1-AAB7-CBEE42AEB75C}.Debug|Any CPU.ActiveCfg = Debug|Any CPU
		{8CB7020E-7DF7-4CF1-AAB7-CBEE42AEB75C}.Debug|Any CPU.Build.0 = Debug|Any CPU
		{8CB7020E-7DF7-4CF1-AAB7-CBEE42AEB75C}.Release|Any CPU.ActiveCfg = Release|Any CPU
		{8CB7020E-7DF7-4CF1-AAB7-CBEE42AEB75C}.Release|Any CPU.Build.0 = Release|Any CPU
	EndGlobalSection
	GlobalSection(SolutionProperties) = preSolution
		HideSolutionNode = FALSE
	EndGlobalSection
	GlobalSection(ExtensibilityGlobals) = postSolution
		SolutionGuid = {26E44554-567A-4796-AFCF-2357E2BBA963}
	EndGlobalSection
EndGlobal
